{
  "nodes": {
    "flake-utils": {
      "inputs": {
        "systems": "systems"
      },
      "locked": {
        "lastModified": 1710146030,
        "narHash": "sha256-SZ5L6eA7HJ/nmkzGG7/ISclqe6oZdOZTNoesiInkXPQ=",
        "owner": "numtide",
        "repo": "flake-utils",
        "rev": "b1d9ab70662946ef0850d488da1c9019f3a9752a",
        "type": "github"
      },
      "original": {
        "owner": "numtide",
        "repo": "flake-utils",
        "type": "github"
      }
    },
    "kodi": {
      "flake": false,
      "locked": {
        "lastModified": 1709415013,
        "narHash": "sha256-R/tzk3ZarJ4BTR312p2lTLezeCEsqdQH54ROsNIoJZA=",
        "owner": "xbmc",
        "repo": "xbmc",
        "rev": "4b95737efaddf7c869736e539318f18433413ff1",
        "type": "github"
      },
      "original": {
        "owner": "xbmc",
        "repo": "xbmc",
        "rev": "4b95737efaddf7c869736e539318f18433413ff1",
        "type": "github"
      }
    },
    "libdvdcss": {
      "flake": false,
      "locked": {
        "lastModified": 1656924742,
        "narHash": "sha256-CJMGH50mNAkovccNcol5ArF3zUnZKfbVB9EXyQgu5k4=",
        "owner": "xbmc",
        "repo": "libdvdcss",
        "rev": "d818bc07941ad4095703e8dc04c6c8ea67a7f814",
        "type": "github"
      },
      "original": {
        "owner": "xbmc",
        "ref": "1.4.3-Next-Nexus-Alpha2-2",
        "repo": "libdvdcss",
        "type": "github"
      }
    },
    "libdvdnav": {
      "flake": false,
      "locked": {
        "lastModified": 1656511771,
        "narHash": "sha256-m8SCjOokVbwJ7eVfYKHap1pQjVbI+BXaoxhGZQIg0+k=",
        "owner": "xbmc",
        "repo": "libdvdnav",
        "rev": "25229a54b2c4be9930d677f6abe3a0025514f3db",
        "type": "github"
      },
      "original": {
        "owner": "xbmc",
        "ref": "6.1.1-Next-Nexus-Alpha2-2",
        "repo": "libdvdnav",
        "type": "github"
      }
    },
    "libdvdread": {
      "flake": false,
      "locked": {
        "lastModified": 1656924909,
        "narHash": "sha256-AphBQhXud+a6wm52zjzC5biz53NnqWdgpL2QDt2ZuXc=",
        "owner": "xbmc",
        "repo": "libdvdread",
        "rev": "329ec88257ecaf64a3144644a423289bb3da8ef6",
        "type": "github"
      },
      "original": {
        "owner": "xbmc",
        "ref": "6.1.3-Next-Nexus-Alpha2-2",
        "repo": "libdvdread",
        "type": "github"
      }
    },
    "nixpkgs": {
      "locked": {
        "lastModified": 1711460390,
        "narHash": "sha256-akSgjDZL6pVHEfSE6sz1DNSXuYX6hq+P/1Z5IoYWs7E=",
        "owner": "nixos",
        "repo": "nixpkgs",
        "rev": "44733514b72e732bd49f5511bd0203dea9b9a434",
        "type": "github"
      },
      "original": {
        "owner": "nixos",
        "ref": "nixos-23.11",
        "repo": "nixpkgs",
        "type": "github"
      }
    },
    "root": {
      "inputs": {
        "flake-utils": "flake-utils",
        "kodi": "kodi",
        "libdvdcss": "libdvdcss",
        "libdvdnav": "libdvdnav",
        "libdvdread": "libdvdread",
        "nixpkgs": "nixpkgs",
        "systems": "systems_2"
      }
    },
    "systems": {
      "locked": {
        "lastModified": 1681028828,
        "narHash": "sha256-Vy1rq5AaRuLzOxct8nz4T6wlgyUR7zLU309k9mBC768=",
        "owner": "nix-systems",
        "repo": "default",
        "rev": "da67096a3b9bf56a91d16901293e51ba5b49a27e",
        "type": "github"
      },
      "original": {
        "owner": "nix-systems",
        "repo": "default",
        "type": "github"
      }
    },
    "systems_2": {
      "locked": {
        "lastModified": 1680978846,
        "narHash": "sha256-Gtqg8b/v49BFDpDetjclCYXm8mAnTrUzR0JnE2nv5aw=",
        "owner": "nix-systems",
        "repo": "x86_64-linux",
        "rev": "2ecfcac5e15790ba6ce360ceccddb15ad16d08a8",
        "type": "github"
      },
      "original": {
        "owner": "nix-systems",
        "repo": "x86_64-linux",
        "type": "github"
      }
    }
  },
  "root": "root",
  "version": 7
}
