{
  "nodes": {
    "agenix": {
      "inputs": {
        "darwin": "darwin",
        "home-manager": "home-manager",
        "nixpkgs": "nixpkgs",
        "systems": "systems"
      },
      "locked": {
        "lastModified": 1714136352,
        "narHash": "sha256-BtWQ2Th/jamO1SlD+2ASSW5Jaf7JhA/JLpQHk0Goqpg=",
        "owner": "ryantm",
        "repo": "agenix",
        "rev": "24a7ea390564ccd5b39b7884f597cfc8d7f6f44e",
        "type": "github"
      },
      "original": {
        "owner": "ryantm",
        "repo": "agenix",
        "type": "github"
      }
    },
    "attic": {
      "inputs": {
        "crane": [
          "chaotic",
          "crane"
        ],
        "flake-compat": [
          "chaotic",
          "flake-compat"
        ],
        "flake-utils": [
          "chaotic",
          "flake-utils"
        ],
        "nixpkgs": [
          "chaotic",
          "nixpkgs"
        ],
        "nixpkgs-stable": "nixpkgs-stable"
      },
      "locked": {
        "lastModified": 1711742460,
        "narHash": "sha256-0O4v6e4a1toxXZ2gf5INhg4WPE5C5T+SVvsBt+45Mcc=",
        "rev": "4dbdbee45728d8ce5788db6461aaaa89d98081f0",
        "revCount": 197,
        "type": "tarball",
        "url": "https://api.flakehub.com/f/pinned/zhaofengli/attic/0.1.197%2Brev-4dbdbee45728d8ce5788db6461aaaa89d98081f0/018e8bce-1229-7d78-a052-5121272f0341/source.tar.gz"
      },
      "original": {
        "type": "tarball",
        "url": "https://flakehub.com/f/zhaofengli/attic/0.1.%2A.tar.gz"
      }
    },
    "base16": {
      "inputs": {
        "fromYaml": "fromYaml"
      },
      "locked": {
        "lastModified": 1709025227,
        "narHash": "sha256-KXcORItjYJTdEO/BlBd0Uym1Xa3eBu43uvpFiWjJOdY=",
        "owner": "SenchoPens",
        "repo": "base16.nix",
        "rev": "4e9b16c8b44958bc6bf46d99c3bb1b59c9c9c764",
        "type": "github"
      },
      "original": {
        "owner": "SenchoPens",
        "repo": "base16.nix",
        "type": "github"
      }
    },
    "chaotic": {
      "inputs": {
        "attic": "attic",
        "compare-to": "compare-to",
        "conduit": "conduit",
        "crane": "crane",
        "fenix": "fenix",
        "flake-compat": "flake-compat",
        "flake-schemas": "flake-schemas",
        "flake-utils": "flake-utils",
        "home-manager": "home-manager_2",
        "jovian": "jovian",
        "jujutsu": "jujutsu",
        "niri": "niri",
        "nix-filter": "nix-filter",
        "nixpkgs": "nixpkgs_2",
        "systems": "systems_2",
        "yafas": "yafas"
      },
      "locked": {
        "lastModified": 1714227479,
        "narHash": "sha256-TJsEB9sKK6hMhKGXEeqD6Hz1vvgfwuNNwwt4UmyxHvQ=",
        "owner": "chaotic-cx",
        "repo": "nyx",
        "rev": "11b4acecf7aa41e4b3fcb34a985fe0477da4347c",
        "type": "github"
      },
      "original": {
        "owner": "chaotic-cx",
        "ref": "nyxpkgs-unstable",
        "repo": "nyx",
        "type": "github"
      }
    },
    "compare-to": {
      "locked": {
        "lastModified": 1695341185,
        "narHash": "sha256-htO6DSbWyCgaDkxi7foPjXwJFPzGjVt3RRUbPSpNtZY=",
        "rev": "98b8e330823a3570d328720f87a1153f8a7f2224",
        "revCount": 2,
        "type": "tarball",
        "url": "https://api.flakehub.com/f/pinned/chaotic-cx/nix-empty-flake/0.1.2%2Brev-98b8e330823a3570d328720f87a1153f8a7f2224/018aba35-d228-7fa9-b205-7616c89ef4e0/source.tar.gz"
      },
      "original": {
        "type": "tarball",
        "url": "https://flakehub.com/f/chaotic-cx/nix-empty-flake/%3D0.1.2.tar.gz"
      }
    },
    "complement": {
      "flake": false,
      "locked": {
        "lastModified": 1713458251,
        "narHash": "sha256-hom/Lt0gZzLWqFhUJG0X2i88CAMIILInO5w0tPj6G3s=",
        "owner": "matrix-org",
        "repo": "complement",
        "rev": "d73c81a091604b0fc5b6b0617dcac58c25763f57",
        "type": "github"
      },
      "original": {
        "owner": "matrix-org",
        "repo": "complement",
        "type": "github"
      }
    },
    "conduit": {
      "inputs": {
        "attic": [
          "chaotic",
          "attic"
        ],
        "complement": "complement",
        "crane": [
          "chaotic",
          "crane"
        ],
        "fenix": [
          "chaotic",
          "fenix"
        ],
        "flake-compat": [
          "chaotic",
          "flake-compat"
        ],
        "flake-utils": [
          "chaotic",
          "flake-utils"
        ],
        "nix-filter": [
          "chaotic",
          "nix-filter"
        ],
        "nixpkgs": [
          "chaotic",
          "nixpkgs"
        ],
        "rocksdb": "rocksdb"
      },
      "locked": {
        "lastModified": 1714111420,
        "narHash": "sha256-ax+Z3K9y2N43C/+1gwyTbtXKHuWYY1NYN+tV5NcJ+zI=",
        "owner": "girlbossceo",
        "repo": "conduwuit",
        "rev": "341bafb91e77cd95775d9cfa4f0810309889b176",
        "type": "github"
      },
      "original": {
        "owner": "girlbossceo",
        "repo": "conduwuit",
        "type": "github"
      }
    },
    "crane": {
      "inputs": {
        "nixpkgs": [
          "chaotic",
          "nixpkgs"
        ]
      },
      "locked": {
        "lastModified": 1706473297,
        "narHash": "sha256-FbxuYIrHaXpsYCLtI1gCNJhd+qvERjPibXL3ctmVaCs=",
        "rev": "fe812ef0dad5bb93a56c599d318be176d080281d",
        "revCount": 493,
        "type": "tarball",
        "url": "https://api.flakehub.com/f/pinned/ipetkov/crane/0.16.1/018d51be-1c17-765e-babc-c9e3bc8a5a14/source.tar.gz"
      },
      "original": {
        "type": "tarball",
        "url": "https://flakehub.com/f/ipetkov/crane/%2A.tar.gz"
      }
    },
    "darwin": {
      "inputs": {
        "nixpkgs": [
          "agenix",
          "nixpkgs"
        ]
      },
      "locked": {
        "lastModified": 1700795494,
        "narHash": "sha256-gzGLZSiOhf155FW7262kdHo2YDeugp3VuIFb4/GGng0=",
        "owner": "lnl7",
        "repo": "nix-darwin",
        "rev": "4b9b83d5a92e8c1fbfd8eb27eda375908c11ec4d",
        "type": "github"
      },
      "original": {
        "owner": "lnl7",
        "ref": "master",
        "repo": "nix-darwin",
        "type": "github"
      }
    },
    "emacs": {
      "inputs": {
        "flake-utils": "flake-utils_4",
        "nixpkgs": "nixpkgs_8",
        "nixpkgs-stable": "nixpkgs-stable_3"
      },
      "locked": {
        "lastModified": 1714269087,
        "narHash": "sha256-EWMw8+rUbBMrKkPxEd1sNryxCGymmWDVmbqcWyzY4V8=",
        "owner": "nix-community",
        "repo": "emacs-overlay",
        "rev": "ce6068e25235bfe396f0c954a9fefe9da7540183",
        "type": "github"
      },
      "original": {
        "owner": "nix-community",
        "repo": "emacs-overlay",
        "type": "github"
      }
    },
    "emacs-overlay": {
      "inputs": {
        "flake-utils": "flake-utils_2",
        "nixpkgs": "nixpkgs_3",
        "nixpkgs-stable": "nixpkgs-stable_2"
      },
      "locked": {
        "lastModified": 1714295225,
        "narHash": "sha256-Ltv5bz6St/P8+w6+zxdvSYUMNWGmav2F0Wua0+vv7tY=",
        "owner": "nix-community",
        "repo": "emacs-overlay",
        "rev": "12d9a5fe7968aa89ed37fdb28f32fdff29d01c0f",
        "type": "github"
      },
      "original": {
        "owner": "nix-community",
        "repo": "emacs-overlay",
        "type": "github"
      }
    },
    "fenix": {
      "inputs": {
        "nixpkgs": [
          "chaotic",
          "nixpkgs"
        ],
        "rust-analyzer-src": "rust-analyzer-src"
      },
      "locked": {
        "lastModified": 1711952616,
        "narHash": "sha256-WJvDdOph001fA1Ap3AyaQtz/afJAe7meSG5uJAdSE+A=",
        "rev": "209048d7c545905c470f6f8c05c5061f391031a8",
        "revCount": 1822,
        "type": "tarball",
        "url": "https://api.flakehub.com/f/pinned/nix-community/fenix/0.1.1822%2Brev-209048d7c545905c470f6f8c05c5061f391031a8/018e98ba-d842-7dad-9d6a-0d0ee173b6b1/source.tar.gz"
      },
      "original": {
        "type": "tarball",
        "url": "https://flakehub.com/f/nix-community/fenix/0.1.%2A.tar.gz"
      }
    },
    "fenix_2": {
      "inputs": {
        "nixpkgs": [
          "nixpkgs-f2k",
          "nixpkgs-fmt",
          "nixpkgs"
        ],
        "rust-analyzer-src": "rust-analyzer-src_2"
      },
      "locked": {
        "lastModified": 1637475807,
        "narHash": "sha256-E3nzOvlzZXwyo8Stp5upKsTCDcqUTYAFj4EC060A31c=",
        "owner": "nix-community",
        "repo": "fenix",
        "rev": "960e7fef45692a4fffc6df6d6b613b0399bbdfd5",
        "type": "github"
      },
      "original": {
        "owner": "nix-community",
        "repo": "fenix",
        "type": "github"
      }
    },
    "flake-compat": {
      "flake": false,
      "locked": {
        "lastModified": 1696426674,
        "narHash": "sha256-kvjfFW7WAETZlt09AgDn1MrtKzP7t90Vf7vypd3OL1U=",
        "rev": "0f9255e01c2351cc7d116c072cb317785dd33b33",
        "revCount": 57,
        "type": "tarball",
        "url": "https://api.flakehub.com/f/pinned/edolstra/flake-compat/1.0.1/018afb31-abd1-7bff-a5e4-cff7e18efb7a/source.tar.gz"
      },
      "original": {
        "type": "tarball",
        "url": "https://flakehub.com/f/edolstra/flake-compat/%2A.tar.gz"
      }
    },
    "flake-parts": {
      "inputs": {
        "nixpkgs-lib": "nixpkgs-lib"
      },
      "locked": {
        "lastModified": 1712014858,
        "narHash": "sha256-sB4SWl2lX95bExY2gMFG5HIzvva5AVMJd4Igm+GpZNw=",
        "owner": "hercules-ci",
        "repo": "flake-parts",
        "rev": "9126214d0a59633752a136528f5f3b9aa8565b7d",
        "type": "github"
      },
      "original": {
        "owner": "hercules-ci",
        "repo": "flake-parts",
        "type": "github"
      }
    },
    "flake-schemas": {
      "locked": {
        "lastModified": 1693491534,
        "narHash": "sha256-ifw8Td8kD08J8DxFbYjeIx5naHcDLz7s2IFP3X42I/U=",
        "rev": "c702cbb663d6d70bbb716584a2ee3aeb35017279",
        "revCount": 21,
        "type": "tarball",
        "url": "https://api.flakehub.com/f/pinned/DeterminateSystems/flake-schemas/0.1.1/018a4c59-80e1-708a-bb4d-854930c20f72/source.tar.gz"
      },
      "original": {
        "type": "tarball",
        "url": "https://flakehub.com/f/DeterminateSystems/flake-schemas/%3D0.1.1.tar.gz"
      }
    },
    "flake-utils": {
      "inputs": {
        "systems": [
          "chaotic",
          "systems"
        ]
      },
      "locked": {
        "lastModified": 1710146030,
        "narHash": "sha256-SZ5L6eA7HJ/nmkzGG7/ISclqe6oZdOZTNoesiInkXPQ=",
        "rev": "b1d9ab70662946ef0850d488da1c9019f3a9752a",
        "revCount": 92,
        "type": "tarball",
        "url": "https://api.flakehub.com/f/pinned/numtide/flake-utils/0.1.92%2Brev-b1d9ab70662946ef0850d488da1c9019f3a9752a/018e2ca5-e5a2-7f80-9261-445a8cecd4d7/source.tar.gz"
      },
      "original": {
        "type": "tarball",
        "url": "https://flakehub.com/f/numtide/flake-utils/0.1.%2A.tar.gz"
      }
    },
    "flake-utils_2": {
      "inputs": {
        "systems": "systems_3"
      },
      "locked": {
        "lastModified": 1710146030,
        "narHash": "sha256-SZ5L6eA7HJ/nmkzGG7/ISclqe6oZdOZTNoesiInkXPQ=",
        "owner": "numtide",
        "repo": "flake-utils",
        "rev": "b1d9ab70662946ef0850d488da1c9019f3a9752a",
        "type": "github"
      },
      "original": {
        "owner": "numtide",
        "repo": "flake-utils",
        "type": "github"
      }
    },
    "flake-utils_3": {
      "locked": {
        "lastModified": 1659877975,
        "narHash": "sha256-zllb8aq3YO3h8B/U0/J1WBgAL8EX5yWf5pMj3G0NAmc=",
        "owner": "numtide",
        "repo": "flake-utils",
        "rev": "c0e246b9b83f637f4681389ecabcb2681b4f3af0",
        "type": "github"
      },
      "original": {
        "owner": "numtide",
        "repo": "flake-utils",
        "type": "github"
      }
    },
    "flake-utils_4": {
      "inputs": {
        "systems": "systems_5"
      },
      "locked": {
        "lastModified": 1710146030,
        "narHash": "sha256-SZ5L6eA7HJ/nmkzGG7/ISclqe6oZdOZTNoesiInkXPQ=",
        "owner": "numtide",
        "repo": "flake-utils",
        "rev": "b1d9ab70662946ef0850d488da1c9019f3a9752a",
        "type": "github"
      },
      "original": {
        "owner": "numtide",
        "repo": "flake-utils",
        "type": "github"
      }
    },
    "flake-utils_5": {
      "locked": {
        "lastModified": 1637014545,
        "narHash": "sha256-26IZAc5yzlD9FlDT54io1oqG/bBoyka+FJk5guaX4x4=",
        "owner": "numtide",
        "repo": "flake-utils",
        "rev": "bba5dcc8e0b20ab664967ad83d24d64cb64ec4f4",
        "type": "github"
      },
      "original": {
        "owner": "numtide",
        "repo": "flake-utils",
        "type": "github"
      }
    },
    "fromYaml": {
      "flake": false,
      "locked": {
        "lastModified": 1689549921,
        "narHash": "sha256-iX0pk/uB019TdBGlaJEWvBCfydT6sRq+eDcGPifVsCM=",
        "owner": "SenchoPens",
        "repo": "fromYaml",
        "rev": "11fbbbfb32e3289d3c631e0134a23854e7865c84",
        "type": "github"
      },
      "original": {
        "owner": "SenchoPens",
        "repo": "fromYaml",
        "type": "github"
      }
    },
    "home-manager": {
      "inputs": {
        "nixpkgs": [
          "agenix",
          "nixpkgs"
        ]
      },
      "locked": {
        "lastModified": 1703113217,
        "narHash": "sha256-7ulcXOk63TIT2lVDSExj7XzFx09LpdSAPtvgtM7yQPE=",
        "owner": "nix-community",
        "repo": "home-manager",
        "rev": "3bfaacf46133c037bb356193bd2f1765d9dc82c1",
        "type": "github"
      },
      "original": {
        "owner": "nix-community",
        "repo": "home-manager",
        "type": "github"
      }
    },
    "home-manager_2": {
      "inputs": {
        "nixpkgs": [
          "chaotic",
          "nixpkgs"
        ]
      },
      "locked": {
        "lastModified": 1714203603,
        "narHash": "sha256-eT7DENhYy7EPLOqHI9zkIMD9RvMCXcqh6gGqOK5BWYQ=",
        "owner": "nix-community",
        "repo": "home-manager",
        "rev": "c1609d584a6b5e9e6a02010f51bd368cb4782f8e",
        "type": "github"
      },
      "original": {
        "owner": "nix-community",
        "repo": "home-manager",
        "type": "github"
      }
    },
    "home-manager_3": {
      "inputs": {
        "nixpkgs": [
          "nixpkgs"
        ]
      },
      "locked": {
        "lastModified": 1714203603,
        "narHash": "sha256-eT7DENhYy7EPLOqHI9zkIMD9RvMCXcqh6gGqOK5BWYQ=",
        "owner": "nix-community",
        "repo": "home-manager",
        "rev": "c1609d584a6b5e9e6a02010f51bd368cb4782f8e",
        "type": "github"
      },
      "original": {
        "owner": "nix-community",
        "repo": "home-manager",
        "type": "github"
      }
    },
    "home-manager_4": {
      "inputs": {
        "nixpkgs": [
          "plasma-manager",
          "nixpkgs"
        ]
      },
      "locked": {
        "lastModified": 1713789879,
        "narHash": "sha256-4Wt3Bg6uOnvwZcECBZaFEdzlWRlGLgd8DqLL4ugLdxg=",
        "owner": "nix-community",
        "repo": "home-manager",
        "rev": "46833c3115e8858370880d892748f0927d8193c3",
        "type": "github"
      },
      "original": {
        "owner": "nix-community",
        "repo": "home-manager",
        "type": "github"
      }
    },
    "hyprcursor": {
      "inputs": {
        "hyprlang": [
          "hyprland",
          "hyprlang"
        ],
        "nixpkgs": [
          "hyprland",
          "nixpkgs"
        ],
        "systems": [
          "hyprland",
          "systems"
        ]
      },
      "locked": {
        "lastModified": 1713214463,
        "narHash": "sha256-zAOOjqHAbccCRgJSuvTCA0FNLqKswN63LgVo43R7pxw=",
        "owner": "hyprwm",
        "repo": "hyprcursor",
        "rev": "0a53b9957f0b17f1a0036b25198f569969ad43a0",
        "type": "github"
      },
      "original": {
        "owner": "hyprwm",
        "repo": "hyprcursor",
        "type": "github"
      }
    },
    "hyprland": {
      "inputs": {
        "hyprcursor": "hyprcursor",
        "hyprland-protocols": "hyprland-protocols",
        "hyprlang": "hyprlang",
        "hyprwayland-scanner": "hyprwayland-scanner",
        "nixpkgs": "nixpkgs_4",
        "systems": "systems_4",
        "wlroots": "wlroots",
        "xdph": "xdph"
      },
      "locked": {
        "lastModified": 1714248933,
        "narHash": "sha256-hACvj8q0ucxslZmHf7j6bYlxVeDkJleAW+sCHGv4+2k=",
        "owner": "hyprwm",
        "repo": "Hyprland",
        "rev": "2e763764bfdaee2039961c6c220b5d6af31712d4",
        "type": "github"
      },
      "original": {
        "owner": "hyprwm",
        "repo": "Hyprland",
        "type": "github"
      }
    },
    "hyprland-protocols": {
      "inputs": {
        "nixpkgs": [
          "hyprland",
          "nixpkgs"
        ],
        "systems": [
          "hyprland",
          "systems"
        ]
      },
      "locked": {
        "lastModified": 1691753796,
        "narHash": "sha256-zOEwiWoXk3j3+EoF3ySUJmberFewWlagvewDRuWYAso=",
        "owner": "hyprwm",
        "repo": "hyprland-protocols",
        "rev": "0c2ce70625cb30aef199cb388f99e19a61a6ce03",
        "type": "github"
      },
      "original": {
        "owner": "hyprwm",
        "repo": "hyprland-protocols",
        "type": "github"
      }
    },
    "hyprlang": {
      "inputs": {
        "nixpkgs": [
          "hyprland",
          "nixpkgs"
        ],
        "systems": [
          "hyprland",
          "systems"
        ]
      },
      "locked": {
        "lastModified": 1713121246,
        "narHash": "sha256-502X0Q0fhN6tJK7iEUA8CghONKSatW/Mqj4Wappd++0=",
        "owner": "hyprwm",
        "repo": "hyprlang",
        "rev": "78fcaa27ae9e1d782faa3ff06c8ea55ddce63706",
        "type": "github"
      },
      "original": {
        "owner": "hyprwm",
        "repo": "hyprlang",
        "type": "github"
      }
    },
    "hyprwayland-scanner": {
      "inputs": {
        "nixpkgs": [
          "hyprland",
          "nixpkgs"
        ],
        "systems": [
          "hyprland",
          "systems"
        ]
      },
      "locked": {
        "lastModified": 1714171579,
        "narHash": "sha256-eaWDIvt8ufUKKz3Lc2a3PyemLJG1m9RYlF+HP3hWbaw=",
        "owner": "hyprwm",
        "repo": "hyprwayland-scanner",
        "rev": "126dad854f22fe30e6b82cd21808e76903d90ac5",
        "type": "github"
      },
      "original": {
        "owner": "hyprwm",
        "repo": "hyprwayland-scanner",
        "type": "github"
      }
    },
    "jovian": {
      "inputs": {
        "nix-github-actions": "nix-github-actions",
        "nixpkgs": [
          "chaotic",
          "nixpkgs"
        ]
      },
      "locked": {
        "lastModified": 1714022840,
        "narHash": "sha256-i6xZsf7Kvp1n/Sn3nqPY1MJQx0gf80OGQw32PA/aZd8=",
        "owner": "Jovian-Experiments",
        "repo": "Jovian-NixOS",
        "rev": "94def3af1d45fe4b142beda3aa59a6a98e62ce9e",
        "type": "github"
      },
      "original": {
        "owner": "Jovian-Experiments",
        "repo": "Jovian-NixOS",
        "type": "github"
      }
    },
    "jujutsu": {
      "inputs": {
        "flake-utils": [
          "chaotic",
          "flake-utils"
        ],
        "nixpkgs": [
          "chaotic",
          "nixpkgs"
        ],
        "rust-overlay": "rust-overlay"
      },
      "locked": {
        "lastModified": 1714146712,
        "narHash": "sha256-8cdUq1XHTQ2CXSDGQMs0WOtB3eB469RK4iLpgUtQIZQ=",
        "owner": "martinvonz",
        "repo": "jj",
        "rev": "6752402113445d2cbad66b56ab06094a7fff84d4",
        "type": "github"
      },
      "original": {
        "owner": "martinvonz",
        "repo": "jj",
        "type": "github"
      }
    },
    "mobile-nixos": {
      "flake": false,
      "locked": {
        "lastModified": 1713034591,
        "narHash": "sha256-zEtSq4e1hsf5nPoTzsx+cvHTusQxFdyDpD3mOa360A0=",
        "owner": "NixOS",
        "repo": "mobile-nixos",
        "rev": "5455e4455b231218f6198b39383a0ad4c1d6638e",
        "type": "github"
      },
      "original": {
        "owner": "NixOS",
        "repo": "mobile-nixos",
        "type": "github"
      }
    },
    "niri": {
      "inputs": {
        "crane": [
          "chaotic",
          "crane"
        ],
        "fenix": [
          "chaotic",
          "fenix"
        ],
        "flake-utils": [
          "chaotic",
          "flake-utils"
        ],
        "nix-filter": [
          "chaotic",
          "nix-filter"
        ],
        "nixpkgs": [
          "chaotic",
          "nixpkgs"
        ]
      },
      "locked": {
        "lastModified": 1714068652,
        "narHash": "sha256-/5aMM42kNfiIMKKjipBlXVpR/2SGyziA1/lh40sYr9k=",
        "owner": "YaLTeR",
        "repo": "niri",
        "rev": "8d99e3c015fe210acf0e67fa62335688f5e3df15",
        "type": "github"
      },
      "original": {
        "owner": "YaLTeR",
        "repo": "niri",
        "type": "github"
      }
    },
    "nix-filter": {
      "locked": {
        "lastModified": 1710156097,
        "narHash": "sha256-1Wvk8UP7PXdf8bCCaEoMnOT1qe5/Duqgj+rL8sRQsSM=",
        "owner": "numtide",
        "repo": "nix-filter",
        "rev": "3342559a24e85fc164b295c3444e8a139924675b",
        "type": "github"
      },
      "original": {
        "owner": "numtide",
        "repo": "nix-filter",
        "type": "github"
      }
    },
    "nix-filter_2": {
      "locked": {
        "lastModified": 1710156097,
        "narHash": "sha256-1Wvk8UP7PXdf8bCCaEoMnOT1qe5/Duqgj+rL8sRQsSM=",
        "owner": "numtide",
        "repo": "nix-filter",
        "rev": "3342559a24e85fc164b295c3444e8a139924675b",
        "type": "github"
      },
      "original": {
        "owner": "numtide",
        "repo": "nix-filter",
        "type": "github"
      }
    },
    "nix-gaming": {
      "inputs": {
        "flake-parts": "flake-parts",
        "nixpkgs": "nixpkgs_5"
      },
      "locked": {
        "lastModified": 1714266877,
        "narHash": "sha256-H/Ctf7grpOEizTezpW+E4zReCb+YYqfjG7avez4u5PU=",
        "owner": "fufexan",
        "repo": "nix-gaming",
        "rev": "8cf7cbd9cda16aa36126f1c6af942a65df49e8b4",
        "type": "github"
      },
      "original": {
        "owner": "fufexan",
        "repo": "nix-gaming",
        "type": "github"
      }
    },
    "nix-github-actions": {
      "inputs": {
        "nixpkgs": [
          "chaotic",
          "jovian",
          "nixpkgs"
        ]
      },
      "locked": {
        "lastModified": 1690328911,
        "narHash": "sha256-fxtExYk+aGf2YbjeWQ8JY9/n9dwuEt+ma1eUFzF8Jeo=",
        "owner": "zhaofengli",
        "repo": "nix-github-actions",
        "rev": "96df4a39c52f53cb7098b923224d8ce941b64747",
        "type": "github"
      },
      "original": {
        "owner": "zhaofengli",
        "ref": "matrix-name",
        "repo": "nix-github-actions",
        "type": "github"
      }
    },
    "nixgl": {
      "inputs": {
        "flake-utils": "flake-utils_3",
        "nixpkgs": "nixpkgs_6"
      },
      "locked": {
        "lastModified": 1713543440,
        "narHash": "sha256-lnzZQYG0+EXl/6NkGpyIz+FEOc/DSEG57AP1VsdeNrM=",
        "owner": "nix-community",
        "repo": "nixGL",
        "rev": "310f8e49a149e4c9ea52f1adf70cdc768ec53f8a",
        "type": "github"
      },
      "original": {
        "owner": "nix-community",
        "repo": "nixGL",
        "type": "github"
      }
    },
    "nixpkgs": {
      "locked": {
        "lastModified": 1703013332,
        "narHash": "sha256-+tFNwMvlXLbJZXiMHqYq77z/RfmpfpiI3yjL6o/Zo9M=",
        "owner": "NixOS",
        "repo": "nixpkgs",
        "rev": "54aac082a4d9bb5bbc5c4e899603abfb76a3f6d6",
        "type": "github"
      },
      "original": {
        "owner": "NixOS",
        "ref": "nixos-unstable",
        "repo": "nixpkgs",
        "type": "github"
      }
    },
    "nixpkgs-23-11": {
      "locked": {
        "lastModified": 1713995372,
        "narHash": "sha256-fFE3M0vCoiSwCX02z8VF58jXFRj9enYUSTqjyHAjrds=",
        "owner": "NixOS",
        "repo": "nixpkgs",
        "rev": "dd37924974b9202f8226ed5d74a252a9785aedf8",
        "type": "github"
      },
      "original": {
        "owner": "NixOS",
        "ref": "nixos-23.11",
        "repo": "nixpkgs",
        "type": "github"
      }
    },
    "nixpkgs-f2k": {
      "inputs": {
        "emacs": "emacs",
        "nixpkgs": "nixpkgs_9",
        "nixpkgs-fmt": "nixpkgs-fmt",
        "parts": "parts"
      },
      "locked": {
        "lastModified": 1714271490,
        "narHash": "sha256-twVRGY0bvuK+8InK1hUOzgQUnTiGOaRtBmKAx0cv3BA=",
        "owner": "moni-dz",
        "repo": "nixpkgs-f2k",
        "rev": "797cb763ed8d37a50d2c52939e9645362fb56271",
        "type": "github"
      },
      "original": {
        "owner": "moni-dz",
        "repo": "nixpkgs-f2k",
        "type": "github"
      }
    },
    "nixpkgs-fmt": {
      "inputs": {
        "fenix": "fenix_2",
        "flake-utils": "flake-utils_5",
        "nixpkgs": [
          "nixpkgs-f2k",
          "nixpkgs"
        ]
      },
      "locked": {
        "lastModified": 1710146057,
        "narHash": "sha256-GLZNcoQT3AWGg1ZINKOgHcD1/LgDStI6hZbfsisjOgM=",
        "owner": "nix-community",
        "repo": "nixpkgs-fmt",
        "rev": "f048515c9a98d7e2e4b034ec77641acc8a58098d",
        "type": "github"
      },
      "original": {
        "owner": "nix-community",
        "repo": "nixpkgs-fmt",
        "type": "github"
      }
    },
    "nixpkgs-lib": {
      "locked": {
        "dir": "lib",
        "lastModified": 1711703276,
        "narHash": "sha256-iMUFArF0WCatKK6RzfUJknjem0H9m4KgorO/p3Dopkk=",
        "owner": "NixOS",
        "repo": "nixpkgs",
        "rev": "d8fe5e6c92d0d190646fb9f1056741a229980089",
        "type": "github"
      },
      "original": {
        "dir": "lib",
        "owner": "NixOS",
        "ref": "nixos-unstable",
        "repo": "nixpkgs",
        "type": "github"
      }
    },
    "nixpkgs-lib_2": {
      "locked": {
        "dir": "lib",
        "lastModified": 1711703276,
        "narHash": "sha256-iMUFArF0WCatKK6RzfUJknjem0H9m4KgorO/p3Dopkk=",
        "owner": "NixOS",
        "repo": "nixpkgs",
        "rev": "d8fe5e6c92d0d190646fb9f1056741a229980089",
        "type": "github"
      },
      "original": {
        "dir": "lib",
        "owner": "NixOS",
        "ref": "nixos-unstable",
        "repo": "nixpkgs",
        "type": "github"
      }
    },
    "nixpkgs-stable": {
      "locked": {
        "lastModified": 1711460390,
        "narHash": "sha256-akSgjDZL6pVHEfSE6sz1DNSXuYX6hq+P/1Z5IoYWs7E=",
        "owner": "NixOS",
        "repo": "nixpkgs",
        "rev": "44733514b72e732bd49f5511bd0203dea9b9a434",
        "type": "github"
      },
      "original": {
        "owner": "NixOS",
        "ref": "nixos-23.11",
        "repo": "nixpkgs",
        "type": "github"
      }
    },
    "nixpkgs-stable_2": {
      "locked": {
        "lastModified": 1713995372,
        "narHash": "sha256-fFE3M0vCoiSwCX02z8VF58jXFRj9enYUSTqjyHAjrds=",
        "owner": "NixOS",
        "repo": "nixpkgs",
        "rev": "dd37924974b9202f8226ed5d74a252a9785aedf8",
        "type": "github"
      },
      "original": {
        "owner": "NixOS",
        "ref": "nixos-23.11",
        "repo": "nixpkgs",
        "type": "github"
      }
    },
    "nixpkgs-stable_3": {
      "locked": {
        "lastModified": 1713995372,
        "narHash": "sha256-fFE3M0vCoiSwCX02z8VF58jXFRj9enYUSTqjyHAjrds=",
        "owner": "NixOS",
        "repo": "nixpkgs",
        "rev": "dd37924974b9202f8226ed5d74a252a9785aedf8",
        "type": "github"
      },
      "original": {
        "owner": "NixOS",
        "ref": "nixos-23.11",
        "repo": "nixpkgs",
        "type": "github"
      }
    },
    "nixpkgs_10": {
      "locked": {
        "lastModified": 1713349283,
        "narHash": "sha256-2bjFu3+1zPWZPPGqF+7rumTvEwmdBHBhjPva/AMSruQ=",
        "owner": "nixos",
        "repo": "nixpkgs",
        "rev": "2e359fb3162c85095409071d131e08252d91a14f",
        "type": "github"
      },
      "original": {
        "owner": "nixos",
        "ref": "nixpkgs-unstable",
        "repo": "nixpkgs",
        "type": "github"
      }
    },
    "nixpkgs_11": {
      "locked": {
        "lastModified": 1713128889,
        "narHash": "sha256-aB90ZqzosyRDpBh+rILIcyP5lao8SKz8Sr2PSWvZrzk=",
        "owner": "nixos",
        "repo": "nixpkgs",
        "rev": "2748d22b45a99fb2deafa5f11c7531c212b2cefa",
        "type": "github"
      },
      "original": {
        "owner": "nixos",
        "ref": "nixpkgs-unstable",
        "repo": "nixpkgs",
        "type": "github"
      }
    },
    "nixpkgs_2": {
      "locked": {
        "lastModified": 1714076141,
        "narHash": "sha256-Drmja/f5MRHZCskS6mvzFqxEaZMeciScCTFxWVLqWEY=",
        "rev": "7bb2ccd8cdc44c91edba16c48d2c8f331fb3d856",
        "revCount": 616726,
        "type": "tarball",
        "url": "https://api.flakehub.com/f/pinned/NixOS/nixpkgs/0.1.616726%2Brev-7bb2ccd8cdc44c91edba16c48d2c8f331fb3d856/018f1b7a-3024-744d-92f4-1398df513980/source.tar.gz"
      },
      "original": {
        "type": "tarball",
        "url": "https://flakehub.com/f/NixOS/nixpkgs/0.1.%2A.tar.gz"
      }
    },
    "nixpkgs_3": {
      "locked": {
        "lastModified": 1714076141,
        "narHash": "sha256-Drmja/f5MRHZCskS6mvzFqxEaZMeciScCTFxWVLqWEY=",
        "owner": "NixOS",
        "repo": "nixpkgs",
        "rev": "7bb2ccd8cdc44c91edba16c48d2c8f331fb3d856",
        "type": "github"
      },
      "original": {
        "owner": "NixOS",
        "ref": "nixos-unstable",
        "repo": "nixpkgs",
        "type": "github"
      }
    },
    "nixpkgs_4": {
      "locked": {
        "lastModified": 1712963716,
        "narHash": "sha256-WKm9CvgCldeIVvRz87iOMi8CFVB1apJlkUT4GGvA0iM=",
        "owner": "NixOS",
        "repo": "nixpkgs",
        "rev": "cfd6b5fc90b15709b780a5a1619695a88505a176",
        "type": "github"
      },
      "original": {
        "owner": "NixOS",
        "ref": "nixos-unstable",
        "repo": "nixpkgs",
        "type": "github"
      }
    },
    "nixpkgs_5": {
      "locked": {
        "lastModified": 1714213793,
        "narHash": "sha256-Yg5D5LhyAZvd3DZrQQfJAVK8K3TkUYKooFtH1ulM0mw=",
        "owner": "NixOS",
        "repo": "nixpkgs",
        "rev": "d6f6eb2a984f2ba9a366c31e4d36d65465683450",
        "type": "github"
      },
      "original": {
        "owner": "NixOS",
        "ref": "nixpkgs-unstable",
        "repo": "nixpkgs",
        "type": "github"
      }
    },
    "nixpkgs_6": {
      "locked": {
        "lastModified": 1660551188,
        "narHash": "sha256-a1LARMMYQ8DPx1BgoI/UN4bXe12hhZkCNqdxNi6uS0g=",
        "owner": "nixos",
        "repo": "nixpkgs",
        "rev": "441dc5d512153039f19ef198e662e4f3dbb9fd65",
        "type": "github"
      },
      "original": {
        "owner": "nixos",
        "repo": "nixpkgs",
        "type": "github"
      }
    },
    "nixpkgs_7": {
      "locked": {
        "lastModified": 1714076141,
        "narHash": "sha256-Drmja/f5MRHZCskS6mvzFqxEaZMeciScCTFxWVLqWEY=",
        "owner": "NixOS",
        "repo": "nixpkgs",
        "rev": "7bb2ccd8cdc44c91edba16c48d2c8f331fb3d856",
        "type": "github"
      },
      "original": {
        "owner": "NixOS",
        "ref": "nixos-unstable",
        "repo": "nixpkgs",
        "type": "github"
      }
    },
    "nixpkgs_8": {
      "locked": {
        "lastModified": 1714076141,
        "narHash": "sha256-Drmja/f5MRHZCskS6mvzFqxEaZMeciScCTFxWVLqWEY=",
        "owner": "NixOS",
        "repo": "nixpkgs",
        "rev": "7bb2ccd8cdc44c91edba16c48d2c8f331fb3d856",
        "type": "github"
      },
      "original": {
        "owner": "NixOS",
        "ref": "nixos-unstable",
        "repo": "nixpkgs",
        "type": "github"
      }
    },
    "nixpkgs_9": {
      "locked": {
        "lastModified": 1714270060,
        "narHash": "sha256-1IdCXAw2OtGGm1Q56n8TMCjBesa9YXwf13mCOO7wqaU=",
        "owner": "NixOS",
        "repo": "nixpkgs",
        "rev": "062776a8157d6218a4cf9b086202444e11eb2d8f",
        "type": "github"
      },
      "original": {
        "owner": "NixOS",
        "ref": "master",
        "repo": "nixpkgs",
        "type": "github"
      }
    },
    "nur": {
      "locked": {
        "lastModified": 1714301656,
        "narHash": "sha256-ioil8wrhtXt5VAVhBISBRjNMlUGqqzjeIxnffc3AkAo=",
        "owner": "nix-community",
        "repo": "NUR",
        "rev": "1a015f296483ea7a20262bcbd56d405ee1b8fcf5",
        "type": "github"
      },
      "original": {
        "owner": "nix-community",
        "repo": "NUR",
        "type": "github"
      }
    },
    "parts": {
      "inputs": {
        "nixpkgs-lib": "nixpkgs-lib_2"
      },
      "locked": {
        "lastModified": 1712014858,
        "narHash": "sha256-sB4SWl2lX95bExY2gMFG5HIzvva5AVMJd4Igm+GpZNw=",
        "owner": "hercules-ci",
        "repo": "flake-parts",
        "rev": "9126214d0a59633752a136528f5f3b9aa8565b7d",
        "type": "github"
      },
      "original": {
        "owner": "hercules-ci",
        "repo": "flake-parts",
        "type": "github"
      }
    },
    "plasma-manager": {
      "inputs": {
        "home-manager": "home-manager_4",
        "nixpkgs": [
          "nixpkgs"
        ]
      },
      "locked": {
        "lastModified": 1714225998,
        "narHash": "sha256-NhvSRlSiWsKgi5bJ0r3e8oco9P+YBDITVv7QOSuNVc8=",
        "owner": "pjones",
        "repo": "plasma-manager",
        "rev": "f5bdc6af100d0aefad0c61822bffa12d3b54d92e",
        "type": "github"
      },
      "original": {
        "owner": "pjones",
        "repo": "plasma-manager",
        "type": "github"
      }
    },
    "rocksdb": {
      "flake": false,
      "locked": {
        "lastModified": 1713810944,
        "narHash": "sha256-/Xf0bzNJPclH9IP80QNaABfhj4IAR5LycYET18VFCXc=",
        "owner": "facebook",
        "repo": "rocksdb",
        "rev": "6f7cabeac80a3a6150be2c8a8369fcecb107bf43",
        "type": "github"
      },
      "original": {
        "owner": "facebook",
        "ref": "v9.1.1",
        "repo": "rocksdb",
        "type": "github"
      }
    },
    "root": {
      "inputs": {
        "agenix": "agenix",
        "base16": "base16",
        "chaotic": "chaotic",
        "emacs-overlay": "emacs-overlay",
        "home-manager": "home-manager_3",
        "hyprland": "hyprland",
        "mobile-nixos": "mobile-nixos",
        "nix-gaming": "nix-gaming",
        "nixgl": "nixgl",
        "nixpkgs": "nixpkgs_7",
        "nixpkgs-23-11": "nixpkgs-23-11",
        "nixpkgs-f2k": "nixpkgs-f2k",
        "nur": "nur",
        "plasma-manager": "plasma-manager",
        "split-monitor-workspaces": "split-monitor-workspaces",
        "swayfx": "swayfx",
        "tt-schemes": "tt-schemes"
      }
    },
    "rust-analyzer-src": {
      "flake": false,
      "locked": {
        "lastModified": 1711885694,
        "narHash": "sha256-dyezzeSbWMpflma+E9USmvSxuLgGcNGcGw3cOnX36ko=",
        "owner": "rust-lang",
        "repo": "rust-analyzer",
        "rev": "e4a405f877efd820bef9c0e77a02494e47c17512",
        "type": "github"
      },
      "original": {
        "owner": "rust-lang",
        "ref": "nightly",
        "repo": "rust-analyzer",
        "type": "github"
      }
    },
    "rust-analyzer-src_2": {
      "flake": false,
      "locked": {
        "lastModified": 1637439871,
        "narHash": "sha256-2awQ/obzl7zqYgLwbQL0zT58gN8Xq7n+81GcMiS595I=",
        "owner": "rust-analyzer",
        "repo": "rust-analyzer",
        "rev": "4566414789310acb2617543f4b50beab4bb48e06",
        "type": "github"
      },
      "original": {
        "owner": "rust-analyzer",
        "ref": "nightly",
        "repo": "rust-analyzer",
        "type": "github"
      }
    },
    "rust-overlay": {
      "inputs": {
        "flake-utils": [
          "chaotic",
          "jujutsu",
          "flake-utils"
        ],
        "nixpkgs": [
          "chaotic",
          "jujutsu",
          "nixpkgs"
        ]
      },
      "locked": {
        "lastModified": 1707444620,
        "narHash": "sha256-P8kRkiJLFttN+hbAOlm11wPxUrQZqKle+QtVCqFiGXY=",
        "owner": "oxalica",
        "repo": "rust-overlay",
        "rev": "78503e9199010a4df714f29a4f9c00eb2ccae071",
        "type": "github"
      },
      "original": {
        "owner": "oxalica",
        "repo": "rust-overlay",
        "type": "github"
      }
    },
    "scenefx": {
      "inputs": {
        "nixpkgs": "nixpkgs_11"
      },
      "locked": {
        "lastModified": 1713495445,
        "narHash": "sha256-dMvGkhjt72NznwI57HLR+Oc6QMctf16W4zI1XYuwnZI=",
        "owner": "wlrfx",
        "repo": "scenefx",
        "rev": "5ada125a56012923c47fcf3d049fab32eb7104ff",
        "type": "github"
      },
      "original": {
        "owner": "wlrfx",
        "repo": "scenefx",
        "type": "github"
      }
    },
    "split-monitor-workspaces": {
      "inputs": {
        "hyprland": [
          "hyprland"
        ],
        "nix-filter": "nix-filter_2"
      },
      "locked": {
        "lastModified": 1714247928,
        "narHash": "sha256-oG2DC2vv4jqhDNGLhqRIxOIr4ggZ4Lrpghaw6YT7z1M=",
        "owner": "thundertheidiot",
        "repo": "split-monitor-workspaces",
        "rev": "3aa5c7f3bf03aa962f043e95e4ec0a961757bd9d",
        "type": "github"
      },
      "original": {
        "owner": "thundertheidiot",
        "repo": "split-monitor-workspaces",
        "type": "github"
      }
    },
    "swayfx": {
      "inputs": {
        "nixpkgs": "nixpkgs_10",
        "scenefx": "scenefx"
      },
      "locked": {
        "lastModified": 1713822111,
        "narHash": "sha256-aQVHGi6oqceTlyzzzZnErVHYDJbDfG0sdWe+ItuH8a4=",
        "owner": "WillPower3309",
        "repo": "swayfx",
        "rev": "a5a69d4d4e9a8fe306e27ca46cde3a8b9d312ae3",
        "type": "github"
      },
      "original": {
        "owner": "WillPower3309",
        "repo": "swayfx",
        "type": "github"
      }
    },
    "systems": {
      "locked": {
        "lastModified": 1681028828,
        "narHash": "sha256-Vy1rq5AaRuLzOxct8nz4T6wlgyUR7zLU309k9mBC768=",
        "owner": "nix-systems",
        "repo": "default",
        "rev": "da67096a3b9bf56a91d16901293e51ba5b49a27e",
        "type": "github"
      },
      "original": {
        "owner": "nix-systems",
        "repo": "default",
        "type": "github"
      }
    },
    "systems_2": {
      "locked": {
        "lastModified": 1689347949,
        "narHash": "sha256-12tWmuL2zgBgZkdoB6qXZsgJEH9LR3oUgpaQq2RbI80=",
        "owner": "nix-systems",
        "repo": "default-linux",
        "rev": "31732fcf5e8fea42e59c2488ad31a0e651500f68",
        "type": "github"
      },
      "original": {
        "owner": "nix-systems",
        "repo": "default-linux",
        "type": "github"
      }
    },
    "systems_3": {
      "locked": {
        "lastModified": 1681028828,
        "narHash": "sha256-Vy1rq5AaRuLzOxct8nz4T6wlgyUR7zLU309k9mBC768=",
        "owner": "nix-systems",
        "repo": "default",
        "rev": "da67096a3b9bf56a91d16901293e51ba5b49a27e",
        "type": "github"
      },
      "original": {
        "owner": "nix-systems",
        "repo": "default",
        "type": "github"
      }
    },
    "systems_4": {
      "locked": {
        "lastModified": 1689347949,
        "narHash": "sha256-12tWmuL2zgBgZkdoB6qXZsgJEH9LR3oUgpaQq2RbI80=",
        "owner": "nix-systems",
        "repo": "default-linux",
        "rev": "31732fcf5e8fea42e59c2488ad31a0e651500f68",
        "type": "github"
      },
      "original": {
        "owner": "nix-systems",
        "repo": "default-linux",
        "type": "github"
      }
    },
    "systems_5": {
      "locked": {
        "lastModified": 1681028828,
        "narHash": "sha256-Vy1rq5AaRuLzOxct8nz4T6wlgyUR7zLU309k9mBC768=",
        "owner": "nix-systems",
        "repo": "default",
        "rev": "da67096a3b9bf56a91d16901293e51ba5b49a27e",
        "type": "github"
      },
      "original": {
        "owner": "nix-systems",
        "repo": "default",
        "type": "github"
      }
    },
    "tt-schemes": {
      "flake": false,
      "locked": {
        "lastModified": 1713388094,
        "narHash": "sha256-wcotm0Ek2ISn8iJBzEujJQdcPLKWrPAOZ/dS/DLKafw=",
        "owner": "tinted-theming",
        "repo": "schemes",
        "rev": "abcf2a055ae69f1bf047463332f83db3125aa8a5",
        "type": "github"
      },
      "original": {
        "owner": "tinted-theming",
        "repo": "schemes",
        "type": "github"
      }
    },
    "wlroots": {
      "flake": false,
      "locked": {
        "lastModified": 1713731601,
        "narHash": "sha256-bdcKdtLkusvv85DNuJsajZLFeq7bXp+x5AGP1Sd4wD8=",
        "owner": "hyprwm",
        "repo": "wlroots-hyprland",
        "rev": "5c1d51c5a2793480f5b6c4341ad0797052aec2ea",
        "type": "github"
      },
      "original": {
        "owner": "hyprwm",
        "repo": "wlroots-hyprland",
        "rev": "5c1d51c5a2793480f5b6c4341ad0797052aec2ea",
        "type": "github"
      }
    },
    "xdph": {
      "inputs": {
        "hyprland-protocols": [
          "hyprland",
          "hyprland-protocols"
        ],
        "hyprlang": [
          "hyprland",
          "hyprlang"
        ],
        "nixpkgs": [
          "hyprland",
          "nixpkgs"
        ],
        "systems": [
          "hyprland",
          "systems"
        ]
      },
      "locked": {
        "lastModified": 1713214484,
        "narHash": "sha256-h1bSIsDuPk1FGgvTuSHJyiU2Glu7oAyoPMJutKZmLQ8=",
        "owner": "hyprwm",
        "repo": "xdg-desktop-portal-hyprland",
        "rev": "bb44921534a9cee9635304fdb876c1b3ec3a8f61",
        "type": "github"
      },
      "original": {
        "owner": "hyprwm",
        "repo": "xdg-desktop-portal-hyprland",
        "type": "github"
      }
    },
    "yafas": {
      "inputs": {
        "flake-schemas": [
          "chaotic",
          "flake-schemas"
        ],
        "systems": [
          "chaotic",
          "systems"
        ]
      },
      "locked": {
        "lastModified": 1695926485,
        "narHash": "sha256-wNFFnItckgSs8XeYhhv8vlJs2WF09fSQaWgw4xkDqHQ=",
        "rev": "7772afd6686458ca0ddbc599a52cf5d337367653",
        "revCount": 4,
        "type": "tarball",
        "url": "https://api.flakehub.com/f/pinned/UbiqueLambda/yafas/0.1.4%2Brev-7772afd6686458ca0ddbc599a52cf5d337367653/018add18-ebb4-72c6-93fe-d1d8da361703/source.tar.gz"
      },
      "original": {
        "type": "tarball",
        "url": "https://flakehub.com/f/UbiqueLambda/yafas/0.1.%2A.tar.gz"
      }
    }
  },
  "root": "root",
  "version": 7
}
